{
  "name": "messs-ai-gateway",
  "version": "0.0.2",
  "lockfileVersion": 3,
  "requires": true,
  "packages": {
    "": {
      "name": "messs-ai-gateway",
      "version": "0.0.2",
      "dependencies": {
        "jose": "^6.1.0",
        "messs": "file:.."
      },
      "engines": {
        "node": ">=20"
      }
    },
    "..": {
      "name": "messs",
      "version": "0.0.2",
      "hasInstallScript": true,
      "license": "UNLICENSED",
      "dependencies": {
        "docx": "^9.1.1",
        "electron-updater": "^6.3.9",
        "ffmpeg-static": "^5.2.0",
        "mammoth": "^1.8.0",
        "pdfjs-dist": "4.10.38",
        "sharp": "^0.35.3"
      },
      "devDependencies": {
        "electron": "43.2.0",
        "electron-builder": "26.15.3"
      }
    },
    "node_modules/jose": {
      "version": "6.2.8",
      "resolved": "https://registry.npmmirror.com/jose/-/jose-6.2.8.tgz",
      "integrity": "sha512-Bsdjwm3Qsd/P0jR+BHDe3LytDfY7WBq2HmCCLIwuVRHMuEC9ae7/R474GIUdF1NgCyZjzVo/A9DOiOBtXq8ZoQ==",
      "license": "MIT",
      "funding": {
        "url": "https://github.com/sponsors/panva"
      }
    },
    "node_modules/messs": {
      "resolved": "..",
      "link": true
    }
  }
}
