{
  "name": "messs-ai-gateway",
  "version": "0.0.2",
  "lockfileVersion": 3,
  "requires": true,
  "packages": {
    "": {
      "name": "messs-ai-gateway",
      "version": "0.0.2",
      "dependencies": {
        "cockatiel": "3.2.1",
        "jose": "^6.1.0",
        "messs": "file:.."
      },
      "engines": {
        "node": ">=20"
      }
    },
    "..": {
      "name": "messs",
      "version": "0.0.116",
      "hasInstallScript": true,
      "license": "UNLICENSED",
      "dependencies": {
        "@leafer-in/editor": "2.2.9",
        "@leafer-in/export": "2.2.9",
        "@leafer-in/text-editor": "2.2.9",
        "@modelcontextprotocol/sdk": "1.30.0",
        "@supabase/supabase-js": "2.112.0",
        "docx": "^9.1.1",
        "drawflow": "0.0.60",
        "electron-screenshots": "0.6.2",
        "electron-updater": "^6.3.9",
        "emoji-picker-element": "^1.29.1",
        "eventsource-parser": "3.1.1",
        "ffmpeg-static": "^5.2.0",
        "flatpickr": "4.6.13",
        "htmlparser2": "8.0.2",
        "leafer-ui": "^2.2.9",
        "leafer-x-clip-resize-inner-editor": "1.10.0",
        "leafer-x-webfont": "0.2.0",
        "mammoth": "^1.8.0",
        "marked": "15.0.12",
        "minisearch": "7.2.0",
        "motion": "13.2.0",
        "pdfjs-dist": "4.10.38",
        "perfect-freehand": "1.2.3",
        "pptxgenjs": "^4.0.1",
        "quickjs-emscripten": "^0.32.0",
        "quill": "2.0.3",
        "sanitize-html": "^2.17.0",
        "sharp": "^0.35.3",
        "three": "0.185.1",
        "zod": "3.25.76"
      },
      "devDependencies": {
        "electron": "43.2.0",
        "electron-builder": "26.15.3",
        "esbuild": "0.28.1"
      }
    },
    "node_modules/cockatiel": {
      "version": "3.2.1",
      "resolved": "https://registry.npmmirror.com/cockatiel/-/cockatiel-3.2.1.tgz",
      "integrity": "sha512-gfrHV6ZPkquExvMh9IOkKsBzNDk6sDuZ6DdBGUBkvFnTCqCxzpuq48RySgP0AnaqQkw2zynOFj9yly6T1Q2G5Q==",
      "license": "MIT",
      "engines": {
        "node": ">=16"
      }
    },
    "node_modules/jose": {
      "version": "6.2.8",
      "resolved": "https://registry.npmmirror.com/jose/-/jose-6.2.8.tgz",
      "integrity": "sha512-Bsdjwm3Qsd/P0jR+BHDe3LytDfY7WBq2HmCCLIwuVRHMuEC9ae7/R474GIUdF1NgCyZjzVo/A9DOiOBtXq8ZoQ==",
      "license": "MIT",
      "funding": {
        "url": "https://github.com/sponsors/panva"
      }
    },
    "node_modules/messs": {
      "resolved": "..",
      "link": true
    }
  }
}
